
Microsoft Visual Studio Solution File, Format Version 12.00
# Visual Studio Version 16
VisualStudioVersion = 16.0.28729.10
MinimumVisualStudioVersion = 10.0.40219.1
Project("{FAE04EC0-301F-11D3-BF4B-00C04F79EFBC}") = "VerificaPlacas", "VerificaPlacas.csproj", "{B361FBED-CC9C-4E65-B62A-F92021CE9909}"
EndProject
Global
	GlobalSection(SolutionConfigurationPlatforms) = preSolution
		Debug|Any CPU = Debug|Any CPU
		Release|Any CPU = Release|Any CPU
	EndGlobalSection
	GlobalSection(ProjectConfigurationPlatforms) = postSolution
		{B361FBED-CC9C-4E65-B62A-F92021CE9909}.Debug|Any CPU.ActiveCfg = Debug|Any CPU
		{B361FBED-CC9C-4E65-B62A-F92021CE9909}.Debug|Any CPU.Build.0 = Debug|Any CPU
		{B361FBED-CC9C-4E65-B62A-F92021CE9909}.Release|Any CPU.ActiveCfg = Release|Any CPU
		{B361FBED-CC9C-4E65-B62A-F92021CE9909}.Release|Any CPU.Build.0 = Release|Any CPU
	EndGlobalSection
	GlobalSection(SolutionProperties) = preSolution
		HideSolutionNode = FALSE
	EndGlobalSection
	GlobalSection(ExtensibilityGlobals) = postSolution
		SolutionGuid = {6AB3AC06-B4A6-48B4-A27B-88A72C2023D9}
	EndGlobalSection
EndGlobal
